
Microsoft Visual Studio Solution File, Format Version 12.00
# Visual Studio Version 16
VisualStudioVersion = 16.0.29709.97
MinimumVisualStudioVersion = 10.0.40219.1
Project("{FAE04EC0-301F-11D3-BF4B-00C04F79EFBC}") = "PolyStock.Android", "PolyStock.Android\PolyStock.Android.csproj", "{0EFBAA5E-0D64-4E96-9577-B0FE67763F56}"
EndProject
Project("{FAE04EC0-301F-11D3-BF4B-00C04F79EFBC}") = "PolyStock.iOS", "PolyStock.iOS\PolyStock.iOS.csproj", "{EC2036C1-7887-4C1B-8BB4-385C65AC3D4C}"
EndProject
Project("{9A19103F-16F7-4668-BE54-9A1E7A4F7556}") = "PolyStock", "PolyStock\PolyStock.csproj", "{6B63021F-82A7-41C2-AAA4-68798B04DB0A}"
EndProject
Project("{FAE04EC0-301F-11D3-BF4B-00C04F79EFBC}") = "PolyStock.WPF", "PolyStock.WPF\PolyStock.WPF.csproj", "{F47EB190-73E6-4FBB-81B0-3261A31FB6AF}"
EndProject
Project("{9A19103F-16F7-4668-BE54-9A1E7A4F7556}") = "PolyStock.Wasm", "PolyStock.Wasm\PolyStock.Wasm.csproj", "{734786FA-F431-467B-96BD-2016691B5E53}"
EndProject
Project("{FAE04EC0-301F-11D3-BF4B-00C04F79EFBC}") = "PolyStock.UWP", "PolyStock.UWP\PolyStock.UWP.csproj", "{66A02B35-05B5-4ACB-BD40-2333E443AF65}"
EndProject
Project("{D954291E-2A0B-460D-934E-DC6B0785DB48}") = "PolyStock.Uwp.Shared", "PolyStock.UWP\PolyStock.Uwp.Shared.shproj", "{D511FA0B-8EFD-4E0C-B84F-910558B282DA}"
EndProject
Project("{FAE04EC0-301F-11D3-BF4B-00C04F79EFBC}") = "PolyStock.Gtk", "PolyStock.GTK\PolyStock.Gtk.csproj", "{955BAE4D-AE76-4CB4-9980-EEFBDEE05AC0}"
EndProject
Project("{FAE04EC0-301F-11D3-BF4B-00C04F79EFBC}") = "PolyStock.Console", "PolyStock.Console\PolyStock.Console.csproj", "{6BED046D-525C-418A-8041-BF7050C08A2B}"
EndProject
Project("{2150E333-8FDC-42A3-9474-1A3956D46DE8}") = "UI", "UI", "{CABB1373-6E05-419F-BDC7-EDA59832A010}"
EndProject
Project("{FAE04EC0-301F-11D3-BF4B-00C04F79EFBC}") = "PolyStock.Mac", "PolyStock.Mac\PolyStock.Mac.csproj", "{9D393C33-D6F9-48C9-A764-E8FAE0C51AD7}"
EndProject
Global
	GlobalSection(SharedMSBuildProjectFiles) = preSolution
		PolyStock.UWP\PolyStock.Uwp.Shared.projitems*{734786fa-f431-467b-96bd-2016691b5e53}*SharedItemsImports = 5
		PolyStock.UWP\PolyStock.Uwp.Shared.projitems*{d511fa0b-8efd-4e0c-b84f-910558b282da}*SharedItemsImports = 13
	EndGlobalSection
	GlobalSection(SolutionConfigurationPlatforms) = preSolution
		Debug|Any CPU = Debug|Any CPU
		Debug|ARM = Debug|ARM
		Debug|iPhone = Debug|iPhone
		Debug|iPhoneSimulator = Debug|iPhoneSimulator
		Debug|x64 = Debug|x64
		Debug|x86 = Debug|x86
		Release|Any CPU = Release|Any CPU
		Release|ARM = Release|ARM
		Release|iPhone = Release|iPhone
		Release|iPhoneSimulator = Release|iPhoneSimulator
		Release|x64 = Release|x64
		Release|x86 = Release|x86
	EndGlobalSection
	GlobalSection(ProjectConfigurationPlatforms) = postSolution
		{0EFBAA5E-0D64-4E96-9577-B0FE67763F56}.Debug|Any CPU.ActiveCfg = Debug|Any CPU
		{0EFBAA5E-0D64-4E96-9577-B0FE67763F56}.Debug|Any CPU.Build.0 = Debug|Any CPU
		{0EFBAA5E-0D64-4E96-9577-B0FE67763F56}.Debug|Any CPU.Deploy.0 = Debug|Any CPU
		{0EFBAA5E-0D64-4E96-9577-B0FE67763F56}.Debug|ARM.ActiveCfg = Debug|Any CPU
		{0EFBAA5E-0D64-4E96-9577-B0FE67763F56}.Debug|ARM.Build.0 = Debug|Any CPU
		{0EFBAA5E-0D64-4E96-9577-B0FE67763F56}.Debug|ARM.Deploy.0 = Debug|Any CPU
		{0EFBAA5E-0D64-4E96-9577-B0FE67763F56}.Debug|iPhone.ActiveCfg = Debug|Any CPU
		{0EFBAA5E-0D64-4E96-9577-B0FE67763F56}.Debug|iPhone.Build.0 = Debug|Any CPU
		{0EFBAA5E-0D64-4E96-9577-B0FE67763F56}.Debug|iPhone.Deploy.0 = Debug|Any CPU
		{0EFBAA5E-0D64-4E96-9577-B0FE67763F56}.Debug|iPhoneSimulator.ActiveCfg = Debug|Any CPU
		{0EFBAA5E-0D64-4E96-9577-B0FE67763F56}.Debug|iPhoneSimulator.Build.0 = Debug|Any CPU
		{0EFBAA5E-0D64-4E96-9577-B0FE67763F56}.Debug|iPhoneSimulator.Deploy.0 = Debug|Any CPU
		{0EFBAA5E-0D64-4E96-9577-B0FE67763F56}.Debug|x64.ActiveCfg = Debug|Any CPU
		{0EFBAA5E-0D64-4E96-9577-B0FE67763F56}.Debug|x64.Build.0 = Debug|Any CPU
		{0EFBAA5E-0D64-4E96-9577-B0FE67763F56}.Debug|x64.Deploy.0 = Debug|Any CPU
		{0EFBAA5E-0D64-4E96-9577-B0FE67763F56}.Debug|x86.ActiveCfg = Debug|Any CPU
		{0EFBAA5E-0D64-4E96-9577-B0FE67763F56}.Debug|x86.Build.0 = Debug|Any CPU
		{0EFBAA5E-0D64-4E96-9577-B0FE67763F56}.Debug|x86.Deploy.0 = Debug|Any CPU
		{0EFBAA5E-0D64-4E96-9577-B0FE67763F56}.Release|Any CPU.ActiveCfg = Release|Any CPU
		{0EFBAA5E-0D64-4E96-9577-B0FE67763F56}.Release|Any CPU.Build.0 = Release|Any CPU
		{0EFBAA5E-0D64-4E96-9577-B0FE67763F56}.Release|Any CPU.Deploy.0 = Release|Any CPU
		{0EFBAA5E-0D64-4E96-9577-B0FE67763F56}.Release|ARM.ActiveCfg = Release|Any CPU
		{0EFBAA5E-0D64-4E96-9577-B0FE67763F56}.Release|ARM.Build.0 = Release|Any CPU
		{0EFBAA5E-0D64-4E96-9577-B0FE67763F56}.Release|ARM.Deploy.0 = Release|Any CPU
		{0EFBAA5E-0D64-4E96-9577-B0FE67763F56}.Release|iPhone.ActiveCfg = Release|Any CPU
		{0EFBAA5E-0D64-4E96-9577-B0FE67763F56}.Release|iPhone.Build.0 = Release|Any CPU
		{0EFBAA5E-0D64-4E96-9577-B0FE67763F56}.Release|iPhone.Deploy.0 = Release|Any CPU
		{0EFBAA5E-0D64-4E96-9577-B0FE67763F56}.Release|iPhoneSimulator.ActiveCfg = Release|Any CPU
		{0EFBAA5E-0D64-4E96-9577-B0FE67763F56}.Release|iPhoneSimulator.Build.0 = Release|Any CPU
		{0EFBAA5E-0D64-4E96-9577-B0FE67763F56}.Release|iPhoneSimulator.Deploy.0 = Release|Any CPU
		{0EFBAA5E-0D64-4E96-9577-B0FE67763F56}.Release|x64.ActiveCfg = Release|Any CPU
		{0EFBAA5E-0D64-4E96-9577-B0FE67763F56}.Release|x64.Build.0 = Release|Any CPU
		{0EFBAA5E-0D64-4E96-9577-B0FE67763F56}.Release|x64.Deploy.0 = Release|Any CPU
		{0EFBAA5E-0D64-4E96-9577-B0FE67763F56}.Release|x86.ActiveCfg = Release|Any CPU
		{0EFBAA5E-0D64-4E96-9577-B0FE67763F56}.Release|x86.Build.0 = Release|Any CPU
		{0EFBAA5E-0D64-4E96-9577-B0FE67763F56}.Release|x86.Deploy.0 = Release|Any CPU
		{EC2036C1-7887-4C1B-8BB4-385C65AC3D4C}.Debug|Any CPU.ActiveCfg = Debug|iPhoneSimulator
		{EC2036C1-7887-4C1B-8BB4-385C65AC3D4C}.Debug|Any CPU.Build.0 = Debug|iPhoneSimulator
		{EC2036C1-7887-4C1B-8BB4-385C65AC3D4C}.Debug|Any CPU.Deploy.0 = Debug|iPhoneSimulator
		{EC2036C1-7887-4C1B-8BB4-385C65AC3D4C}.Debug|ARM.ActiveCfg = Debug|iPhone
		{EC2036C1-7887-4C1B-8BB4-385C65AC3D4C}.Debug|iPhone.ActiveCfg = Debug|iPhone
		{EC2036C1-7887-4C1B-8BB4-385C65AC3D4C}.Debug|iPhone.Build.0 = Debug|iPhone
		{EC2036C1-7887-4C1B-8BB4-385C65AC3D4C}.Debug|iPhone.Deploy.0 = Debug|iPhone
		{EC2036C1-7887-4C1B-8BB4-385C65AC3D4C}.Debug|iPhoneSimulator.ActiveCfg = Debug|iPhoneSimulator
		{EC2036C1-7887-4C1B-8BB4-385C65AC3D4C}.Debug|iPhoneSimulator.Build.0 = Debug|iPhoneSimulator
		{EC2036C1-7887-4C1B-8BB4-385C65AC3D4C}.Debug|iPhoneSimulator.Deploy.0 = Debug|iPhoneSimulator
		{EC2036C1-7887-4C1B-8BB4-385C65AC3D4C}.Debug|x64.ActiveCfg = Debug|iPhone
		{EC2036C1-7887-4C1B-8BB4-385C65AC3D4C}.Debug|x86.ActiveCfg = Debug|iPhone
		{EC2036C1-7887-4C1B-8BB4-385C65AC3D4C}.Release|Any CPU.ActiveCfg = Release|iPhone
		{EC2036C1-7887-4C1B-8BB4-385C65AC3D4C}.Release|Any CPU.Build.0 = Release|iPhone
		{EC2036C1-7887-4C1B-8BB4-385C65AC3D4C}.Release|Any CPU.Deploy.0 = Release|iPhone
		{EC2036C1-7887-4C1B-8BB4-385C65AC3D4C}.Release|ARM.ActiveCfg = Release|iPhoneSimulator
		{EC2036C1-7887-4C1B-8BB4-385C65AC3D4C}.Release|iPhone.ActiveCfg = Release|iPhone
		{EC2036C1-7887-4C1B-8BB4-385C65AC3D4C}.Release|iPhone.Build.0 = Release|iPhone
		{EC2036C1-7887-4C1B-8BB4-385C65AC3D4C}.Release|iPhone.Deploy.0 = Release|iPhone
		{EC2036C1-7887-4C1B-8BB4-385C65AC3D4C}.Release|iPhoneSimulator.ActiveCfg = Release|iPhoneSimulator
		{EC2036C1-7887-4C1B-8BB4-385C65AC3D4C}.Release|iPhoneSimulator.Build.0 = Release|iPhoneSimulator
		{EC2036C1-7887-4C1B-8BB4-385C65AC3D4C}.Release|iPhoneSimulator.Deploy.0 = Release|iPhoneSimulator
		{EC2036C1-7887-4C1B-8BB4-385C65AC3D4C}.Release|x64.ActiveCfg = Release|iPhoneSimulator
		{EC2036C1-7887-4C1B-8BB4-385C65AC3D4C}.Release|x86.ActiveCfg = Release|iPhoneSimulator
		{6B63021F-82A7-41C2-AAA4-68798B04DB0A}.Debug|Any CPU.ActiveCfg = Debug|Any CPU
		{6B63021F-82A7-41C2-AAA4-68798B04DB0A}.Debug|Any CPU.Build.0 = Debug|Any CPU
		{6B63021F-82A7-41C2-AAA4-68798B04DB0A}.Debug|Any CPU.Deploy.0 = Debug|Any CPU
		{6B63021F-82A7-41C2-AAA4-68798B04DB0A}.Debug|ARM.ActiveCfg = Debug|Any CPU
		{6B63021F-82A7-41C2-AAA4-68798B04DB0A}.Debug|ARM.Build.0 = Debug|Any CPU
		{6B63021F-82A7-41C2-AAA4-68798B04DB0A}.Debug|iPhone.ActiveCfg = Debug|Any CPU
		{6B63021F-82A7-41C2-AAA4-68798B04DB0A}.Debug|iPhone.Build.0 = Debug|Any CPU
		{6B63021F-82A7-41C2-AAA4-68798B04DB0A}.Debug|iPhone.Deploy.0 = Debug|Any CPU
		{6B63021F-82A7-41C2-AAA4-68798B04DB0A}.Debug|iPhoneSimulator.ActiveCfg = Debug|Any CPU
		{6B63021F-82A7-41C2-AAA4-68798B04DB0A}.Debug|iPhoneSimulator.Build.0 = Debug|Any CPU
		{6B63021F-82A7-41C2-AAA4-68798B04DB0A}.Debug|iPhoneSimulator.Deploy.0 = Debug|Any CPU
		{6B63021F-82A7-41C2-AAA4-68798B04DB0A}.Debug|x64.ActiveCfg = Debug|Any CPU
		{6B63021F-82A7-41C2-AAA4-68798B04DB0A}.Debug|x64.Build.0 = Debug|Any CPU
		{6B63021F-82A7-41C2-AAA4-68798B04DB0A}.Debug|x86.ActiveCfg = Debug|Any CPU
		{6B63021F-82A7-41C2-AAA4-68798B04DB0A}.Debug|x86.Build.0 = Debug|Any CPU
		{6B63021F-82A7-41C2-AAA4-68798B04DB0A}.Release|Any CPU.ActiveCfg = Release|Any CPU
		{6B63021F-82A7-41C2-AAA4-68798B04DB0A}.Release|Any CPU.Build.0 = Release|Any CPU
		{6B63021F-82A7-41C2-AAA4-68798B04DB0A}.Release|Any CPU.Deploy.0 = Release|Any CPU
		{6B63021F-82A7-41C2-AAA4-68798B04DB0A}.Release|ARM.ActiveCfg = Release|Any CPU
		{6B63021F-82A7-41C2-AAA4-68798B04DB0A}.Release|ARM.Build.0 = Release|Any CPU
		{6B63021F-82A7-41C2-AAA4-68798B04DB0A}.Release|iPhone.ActiveCfg = Release|Any CPU
		{6B63021F-82A7-41C2-AAA4-68798B04DB0A}.Release|iPhone.Build.0 = Release|Any CPU
		{6B63021F-82A7-41C2-AAA4-68798B04DB0A}.Release|iPhone.Deploy.0 = Release|Any CPU
		{6B63021F-82A7-41C2-AAA4-68798B04DB0A}.Release|iPhoneSimulator.ActiveCfg = Release|Any CPU
		{6B63021F-82A7-41C2-AAA4-68798B04DB0A}.Release|iPhoneSimulator.Build.0 = Release|Any CPU
		{6B63021F-82A7-41C2-AAA4-68798B04DB0A}.Release|iPhoneSimulator.Deploy.0 = Release|Any CPU
		{6B63021F-82A7-41C2-AAA4-68798B04DB0A}.Release|x64.ActiveCfg = Release|Any CPU
		{6B63021F-82A7-41C2-AAA4-68798B04DB0A}.Release|x64.Build.0 = Release|Any CPU
		{6B63021F-82A7-41C2-AAA4-68798B04DB0A}.Release|x86.ActiveCfg = Release|Any CPU
		{6B63021F-82A7-41C2-AAA4-68798B04DB0A}.Release|x86.Build.0 = Release|Any CPU
		{F47EB190-73E6-4FBB-81B0-3261A31FB6AF}.Debug|Any CPU.ActiveCfg = Debug|Any CPU
		{F47EB190-73E6-4FBB-81B0-3261A31FB6AF}.Debug|Any CPU.Build.0 = Debug|Any CPU
		{F47EB190-73E6-4FBB-81B0-3261A31FB6AF}.Debug|ARM.ActiveCfg = Debug|Any CPU
		{F47EB190-73E6-4FBB-81B0-3261A31FB6AF}.Debug|ARM.Build.0 = Debug|Any CPU
		{F47EB190-73E6-4FBB-81B0-3261A31FB6AF}.Debug|iPhone.ActiveCfg = Debug|Any CPU
		{F47EB190-73E6-4FBB-81B0-3261A31FB6AF}.Debug|iPhone.Build.0 = Debug|Any CPU
		{F47EB190-73E6-4FBB-81B0-3261A31FB6AF}.Debug|iPhoneSimulator.ActiveCfg = Debug|Any CPU
		{F47EB190-73E6-4FBB-81B0-3261A31FB6AF}.Debug|iPhoneSimulator.Build.0 = Debug|Any CPU
		{F47EB190-73E6-4FBB-81B0-3261A31FB6AF}.Debug|x64.ActiveCfg = Debug|Any CPU
		{F47EB190-73E6-4FBB-81B0-3261A31FB6AF}.Debug|x64.Build.0 = Debug|Any CPU
		{F47EB190-73E6-4FBB-81B0-3261A31FB6AF}.Debug|x86.ActiveCfg = Debug|Any CPU
		{F47EB190-73E6-4FBB-81B0-3261A31FB6AF}.Debug|x86.Build.0 = Debug|Any CPU
		{F47EB190-73E6-4FBB-81B0-3261A31FB6AF}.Release|Any CPU.ActiveCfg = Release|Any CPU
		{F47EB190-73E6-4FBB-81B0-3261A31FB6AF}.Release|Any CPU.Build.0 = Release|Any CPU
		{F47EB190-73E6-4FBB-81B0-3261A31FB6AF}.Release|ARM.ActiveCfg = Release|Any CPU
		{F47EB190-73E6-4FBB-81B0-3261A31FB6AF}.Release|ARM.Build.0 = Release|Any CPU
		{F47EB190-73E6-4FBB-81B0-3261A31FB6AF}.Release|iPhone.ActiveCfg = Release|Any CPU
		{F47EB190-73E6-4FBB-81B0-3261A31FB6AF}.Release|iPhone.Build.0 = Release|Any CPU
		{F47EB190-73E6-4FBB-81B0-3261A31FB6AF}.Release|iPhoneSimulator.ActiveCfg = Release|Any CPU
		{F47EB190-73E6-4FBB-81B0-3261A31FB6AF}.Release|iPhoneSimulator.Build.0 = Release|Any CPU
		{F47EB190-73E6-4FBB-81B0-3261A31FB6AF}.Release|x64.ActiveCfg = Release|Any CPU
		{F47EB190-73E6-4FBB-81B0-3261A31FB6AF}.Release|x64.Build.0 = Release|Any CPU
		{F47EB190-73E6-4FBB-81B0-3261A31FB6AF}.Release|x86.ActiveCfg = Release|Any CPU
		{F47EB190-73E6-4FBB-81B0-3261A31FB6AF}.Release|x86.Build.0 = Release|Any CPU
		{734786FA-F431-467B-96BD-2016691B5E53}.Debug|Any CPU.ActiveCfg = Debug|Any CPU
		{734786FA-F431-467B-96BD-2016691B5E53}.Debug|Any CPU.Build.0 = Debug|Any CPU
		{734786FA-F431-467B-96BD-2016691B5E53}.Debug|ARM.ActiveCfg = Debug|Any CPU
		{734786FA-F431-467B-96BD-2016691B5E53}.Debug|ARM.Build.0 = Debug|Any CPU
		{734786FA-F431-467B-96BD-2016691B5E53}.Debug|iPhone.ActiveCfg = Debug|Any CPU
		{734786FA-F431-467B-96BD-2016691B5E53}.Debug|iPhone.Build.0 = Debug|Any CPU
		{734786FA-F431-467B-96BD-2016691B5E53}.Debug|iPhoneSimulator.ActiveCfg = Debug|Any CPU
		{734786FA-F431-467B-96BD-2016691B5E53}.Debug|iPhoneSimulator.Build.0 = Debug|Any CPU
		{734786FA-F431-467B-96BD-2016691B5E53}.Debug|x64.ActiveCfg = Debug|Any CPU
		{734786FA-F431-467B-96BD-2016691B5E53}.Debug|x64.Build.0 = Debug|Any CPU
		{734786FA-F431-467B-96BD-2016691B5E53}.Debug|x86.ActiveCfg = Debug|Any CPU
		{734786FA-F431-467B-96BD-2016691B5E53}.Debug|x86.Build.0 = Debug|Any CPU
		{734786FA-F431-467B-96BD-2016691B5E53}.Release|Any CPU.ActiveCfg = Release|Any CPU
		{734786FA-F431-467B-96BD-2016691B5E53}.Release|Any CPU.Build.0 = Release|Any CPU
		{734786FA-F431-467B-96BD-2016691B5E53}.Release|ARM.ActiveCfg = Release|Any CPU
		{734786FA-F431-467B-96BD-2016691B5E53}.Release|ARM.Build.0 = Release|Any CPU
		{734786FA-F431-467B-96BD-2016691B5E53}.Release|iPhone.ActiveCfg = Release|Any CPU
		{734786FA-F431-467B-96BD-2016691B5E53}.Release|iPhone.Build.0 = Release|Any CPU
		{734786FA-F431-467B-96BD-2016691B5E53}.Release|iPhoneSimulator.ActiveCfg = Release|Any CPU
		{734786FA-F431-467B-96BD-2016691B5E53}.Release|iPhoneSimulator.Build.0 = Release|Any CPU
		{734786FA-F431-467B-96BD-2016691B5E53}.Release|x64.ActiveCfg = Release|Any CPU
		{734786FA-F431-467B-96BD-2016691B5E53}.Release|x64.Build.0 = Release|Any CPU
		{734786FA-F431-467B-96BD-2016691B5E53}.Release|x86.ActiveCfg = Release|Any CPU
		{734786FA-F431-467B-96BD-2016691B5E53}.Release|x86.Build.0 = Release|Any CPU
		{66A02B35-05B5-4ACB-BD40-2333E443AF65}.Debug|Any CPU.ActiveCfg = Debug|x86
		{66A02B35-05B5-4ACB-BD40-2333E443AF65}.Debug|Any CPU.Build.0 = Debug|x86
		{66A02B35-05B5-4ACB-BD40-2333E443AF65}.Debug|Any CPU.Deploy.0 = Debug|x86
		{66A02B35-05B5-4ACB-BD40-2333E443AF65}.Debug|ARM.ActiveCfg = Debug|ARM
		{66A02B35-05B5-4ACB-BD40-2333E443AF65}.Debug|ARM.Build.0 = Debug|ARM
		{66A02B35-05B5-4ACB-BD40-2333E443AF65}.Debug|ARM.Deploy.0 = Debug|ARM
		{66A02B35-05B5-4ACB-BD40-2333E443AF65}.Debug|iPhone.ActiveCfg = Debug|x86
		{66A02B35-05B5-4ACB-BD40-2333E443AF65}.Debug|iPhoneSimulator.ActiveCfg = Debug|x86
		{66A02B35-05B5-4ACB-BD40-2333E443AF65}.Debug|iPhoneSimulator.Build.0 = Debug|x86
		{66A02B35-05B5-4ACB-BD40-2333E443AF65}.Debug|iPhoneSimulator.Deploy.0 = Debug|x86
		{66A02B35-05B5-4ACB-BD40-2333E443AF65}.Debug|x64.ActiveCfg = Debug|x64
		{66A02B35-05B5-4ACB-BD40-2333E443AF65}.Debug|x64.Build.0 = Debug|x64
		{66A02B35-05B5-4ACB-BD40-2333E443AF65}.Debug|x64.Deploy.0 = Debug|x64
		{66A02B35-05B5-4ACB-BD40-2333E443AF65}.Debug|x86.ActiveCfg = Debug|x86
		{66A02B35-05B5-4ACB-BD40-2333E443AF65}.Debug|x86.Build.0 = Debug|x86
		{66A02B35-05B5-4ACB-BD40-2333E443AF65}.Debug|x86.Deploy.0 = Debug|x86
		{66A02B35-05B5-4ACB-BD40-2333E443AF65}.Release|Any CPU.ActiveCfg = Release|x86
		{66A02B35-05B5-4ACB-BD40-2333E443AF65}.Release|ARM.ActiveCfg = Release|ARM
		{66A02B35-05B5-4ACB-BD40-2333E443AF65}.Release|ARM.Build.0 = Release|ARM
		{66A02B35-05B5-4ACB-BD40-2333E443AF65}.Release|ARM.Deploy.0 = Release|ARM
		{66A02B35-05B5-4ACB-BD40-2333E443AF65}.Release|iPhone.ActiveCfg = Release|x86
		{66A02B35-05B5-4ACB-BD40-2333E443AF65}.Release|iPhoneSimulator.ActiveCfg = Release|x86
		{66A02B35-05B5-4ACB-BD40-2333E443AF65}.Release|x64.ActiveCfg = Release|x64
		{66A02B35-05B5-4ACB-BD40-2333E443AF65}.Release|x64.Build.0 = Release|x64
		{66A02B35-05B5-4ACB-BD40-2333E443AF65}.Release|x64.Deploy.0 = Release|x64
		{66A02B35-05B5-4ACB-BD40-2333E443AF65}.Release|x86.ActiveCfg = Release|x86
		{66A02B35-05B5-4ACB-BD40-2333E443AF65}.Release|x86.Build.0 = Release|x86
		{66A02B35-05B5-4ACB-BD40-2333E443AF65}.Release|x86.Deploy.0 = Release|x86
		{955BAE4D-AE76-4CB4-9980-EEFBDEE05AC0}.Debug|Any CPU.ActiveCfg = Debug|Any CPU
		{955BAE4D-AE76-4CB4-9980-EEFBDEE05AC0}.Debug|Any CPU.Build.0 = Debug|Any CPU
		{955BAE4D-AE76-4CB4-9980-EEFBDEE05AC0}.Debug|ARM.ActiveCfg = Debug|Any CPU
		{955BAE4D-AE76-4CB4-9980-EEFBDEE05AC0}.Debug|ARM.Build.0 = Debug|Any CPU
		{955BAE4D-AE76-4CB4-9980-EEFBDEE05AC0}.Debug|iPhone.ActiveCfg = Debug|Any CPU
		{955BAE4D-AE76-4CB4-9980-EEFBDEE05AC0}.Debug|iPhone.Build.0 = Debug|Any CPU
		{955BAE4D-AE76-4CB4-9980-EEFBDEE05AC0}.Debug|iPhoneSimulator.ActiveCfg = Debug|Any CPU
		{955BAE4D-AE76-4CB4-9980-EEFBDEE05AC0}.Debug|iPhoneSimulator.Build.0 = Debug|Any CPU
		{955BAE4D-AE76-4CB4-9980-EEFBDEE05AC0}.Debug|x64.ActiveCfg = Debug|Any CPU
		{955BAE4D-AE76-4CB4-9980-EEFBDEE05AC0}.Debug|x64.Build.0 = Debug|Any CPU
		{955BAE4D-AE76-4CB4-9980-EEFBDEE05AC0}.Debug|x86.ActiveCfg = Debug|Any CPU
		{955BAE4D-AE76-4CB4-9980-EEFBDEE05AC0}.Debug|x86.Build.0 = Debug|Any CPU
		{955BAE4D-AE76-4CB4-9980-EEFBDEE05AC0}.Release|Any CPU.ActiveCfg = Release|Any CPU
		{955BAE4D-AE76-4CB4-9980-EEFBDEE05AC0}.Release|Any CPU.Build.0 = Release|Any CPU
		{955BAE4D-AE76-4CB4-9980-EEFBDEE05AC0}.Release|ARM.ActiveCfg = Release|Any CPU
		{955BAE4D-AE76-4CB4-9980-EEFBDEE05AC0}.Release|ARM.Build.0 = Release|Any CPU
		{955BAE4D-AE76-4CB4-9980-EEFBDEE05AC0}.Release|iPhone.ActiveCfg = Release|Any CPU
		{955BAE4D-AE76-4CB4-9980-EEFBDEE05AC0}.Release|iPhone.Build.0 = Release|Any CPU
		{955BAE4D-AE76-4CB4-9980-EEFBDEE05AC0}.Release|iPhoneSimulator.ActiveCfg = Release|Any CPU
		{955BAE4D-AE76-4CB4-9980-EEFBDEE05AC0}.Release|iPhoneSimulator.Build.0 = Release|Any CPU
		{955BAE4D-AE76-4CB4-9980-EEFBDEE05AC0}.Release|x64.ActiveCfg = Release|Any CPU
		{955BAE4D-AE76-4CB4-9980-EEFBDEE05AC0}.Release|x64.Build.0 = Release|Any CPU
		{955BAE4D-AE76-4CB4-9980-EEFBDEE05AC0}.Release|x86.ActiveCfg = Release|Any CPU
		{955BAE4D-AE76-4CB4-9980-EEFBDEE05AC0}.Release|x86.Build.0 = Release|Any CPU
		{6BED046D-525C-418A-8041-BF7050C08A2B}.Debug|Any CPU.ActiveCfg = Debug|Any CPU
		{6BED046D-525C-418A-8041-BF7050C08A2B}.Debug|Any CPU.Build.0 = Debug|Any CPU
		{6BED046D-525C-418A-8041-BF7050C08A2B}.Debug|ARM.ActiveCfg = Debug|Any CPU
		{6BED046D-525C-418A-8041-BF7050C08A2B}.Debug|ARM.Build.0 = Debug|Any CPU
		{6BED046D-525C-418A-8041-BF7050C08A2B}.Debug|iPhone.ActiveCfg = Debug|Any CPU
		{6BED046D-525C-418A-8041-BF7050C08A2B}.Debug|iPhone.Build.0 = Debug|Any CPU
		{6BED046D-525C-418A-8041-BF7050C08A2B}.Debug|iPhoneSimulator.ActiveCfg = Debug|Any CPU
		{6BED046D-525C-418A-8041-BF7050C08A2B}.Debug|iPhoneSimulator.Build.0 = Debug|Any CPU
		{6BED046D-525C-418A-8041-BF7050C08A2B}.Debug|x64.ActiveCfg = Debug|Any CPU
		{6BED046D-525C-418A-8041-BF7050C08A2B}.Debug|x64.Build.0 = Debug|Any CPU
		{6BED046D-525C-418A-8041-BF7050C08A2B}.Debug|x86.ActiveCfg = Debug|Any CPU
		{6BED046D-525C-418A-8041-BF7050C08A2B}.Debug|x86.Build.0 = Debug|Any CPU
		{6BED046D-525C-418A-8041-BF7050C08A2B}.Release|Any CPU.ActiveCfg = Release|Any CPU
		{6BED046D-525C-418A-8041-BF7050C08A2B}.Release|Any CPU.Build.0 = Release|Any CPU
		{6BED046D-525C-418A-8041-BF7050C08A2B}.Release|ARM.ActiveCfg = Release|Any CPU
		{6BED046D-525C-418A-8041-BF7050C08A2B}.Release|ARM.Build.0 = Release|Any CPU
		{6BED046D-525C-418A-8041-BF7050C08A2B}.Release|iPhone.ActiveCfg = Release|Any CPU
		{6BED046D-525C-418A-8041-BF7050C08A2B}.Release|iPhone.Build.0 = Release|Any CPU
		{6BED046D-525C-418A-8041-BF7050C08A2B}.Release|iPhoneSimulator.ActiveCfg = Release|Any CPU
		{6BED046D-525C-418A-8041-BF7050C08A2B}.Release|iPhoneSimulator.Build.0 = Release|Any CPU
		{6BED046D-525C-418A-8041-BF7050C08A2B}.Release|x64.ActiveCfg = Release|Any CPU
		{6BED046D-525C-418A-8041-BF7050C08A2B}.Release|x64.Build.0 = Release|Any CPU
		{6BED046D-525C-418A-8041-BF7050C08A2B}.Release|x86.ActiveCfg = Release|Any CPU
		{6BED046D-525C-418A-8041-BF7050C08A2B}.Release|x86.Build.0 = Release|Any CPU
		{9D393C33-D6F9-48C9-A764-E8FAE0C51AD7}.Debug|Any CPU.ActiveCfg = Debug|Any CPU
		{9D393C33-D6F9-48C9-A764-E8FAE0C51AD7}.Debug|Any CPU.Build.0 = Debug|Any CPU
		{9D393C33-D6F9-48C9-A764-E8FAE0C51AD7}.Debug|ARM.ActiveCfg = Debug|Any CPU
		{9D393C33-D6F9-48C9-A764-E8FAE0C51AD7}.Debug|ARM.Build.0 = Debug|Any CPU
		{9D393C33-D6F9-48C9-A764-E8FAE0C51AD7}.Debug|iPhone.ActiveCfg = Debug|Any CPU
		{9D393C33-D6F9-48C9-A764-E8FAE0C51AD7}.Debug|iPhone.Build.0 = Debug|Any CPU
		{9D393C33-D6F9-48C9-A764-E8FAE0C51AD7}.Debug|iPhoneSimulator.ActiveCfg = Debug|Any CPU
		{9D393C33-D6F9-48C9-A764-E8FAE0C51AD7}.Debug|iPhoneSimulator.Build.0 = Debug|Any CPU
		{9D393C33-D6F9-48C9-A764-E8FAE0C51AD7}.Debug|x64.ActiveCfg = Debug|Any CPU
		{9D393C33-D6F9-48C9-A764-E8FAE0C51AD7}.Debug|x64.Build.0 = Debug|Any CPU
		{9D393C33-D6F9-48C9-A764-E8FAE0C51AD7}.Debug|x86.ActiveCfg = Debug|Any CPU
		{9D393C33-D6F9-48C9-A764-E8FAE0C51AD7}.Debug|x86.Build.0 = Debug|Any CPU
		{9D393C33-D6F9-48C9-A764-E8FAE0C51AD7}.Release|Any CPU.ActiveCfg = Release|Any CPU
		{9D393C33-D6F9-48C9-A764-E8FAE0C51AD7}.Release|Any CPU.Build.0 = Release|Any CPU
		{9D393C33-D6F9-48C9-A764-E8FAE0C51AD7}.Release|ARM.ActiveCfg = Release|Any CPU
		{9D393C33-D6F9-48C9-A764-E8FAE0C51AD7}.Release|ARM.Build.0 = Release|Any CPU
		{9D393C33-D6F9-48C9-A764-E8FAE0C51AD7}.Release|iPhone.ActiveCfg = Release|Any CPU
		{9D393C33-D6F9-48C9-A764-E8FAE0C51AD7}.Release|iPhone.Build.0 = Release|Any CPU
		{9D393C33-D6F9-48C9-A764-E8FAE0C51AD7}.Release|iPhoneSimulator.ActiveCfg = Release|Any CPU
		{9D393C33-D6F9-48C9-A764-E8FAE0C51AD7}.Release|iPhoneSimulator.Build.0 = Release|Any CPU
		{9D393C33-D6F9-48C9-A764-E8FAE0C51AD7}.Release|x64.ActiveCfg = Release|Any CPU
		{9D393C33-D6F9-48C9-A764-E8FAE0C51AD7}.Release|x64.Build.0 = Release|Any CPU
		{9D393C33-D6F9-48C9-A764-E8FAE0C51AD7}.Release|x86.ActiveCfg = Release|Any CPU
		{9D393C33-D6F9-48C9-A764-E8FAE0C51AD7}.Release|x86.Build.0 = Release|Any CPU
	EndGlobalSection
	GlobalSection(SolutionProperties) = preSolution
		HideSolutionNode = FALSE
	EndGlobalSection
	GlobalSection(NestedProjects) = preSolution
		{0EFBAA5E-0D64-4E96-9577-B0FE67763F56} = {CABB1373-6E05-419F-BDC7-EDA59832A010}
		{EC2036C1-7887-4C1B-8BB4-385C65AC3D4C} = {CABB1373-6E05-419F-BDC7-EDA59832A010}
		{F47EB190-73E6-4FBB-81B0-3261A31FB6AF} = {CABB1373-6E05-419F-BDC7-EDA59832A010}
		{734786FA-F431-467B-96BD-2016691B5E53} = {CABB1373-6E05-419F-BDC7-EDA59832A010}
		{66A02B35-05B5-4ACB-BD40-2333E443AF65} = {CABB1373-6E05-419F-BDC7-EDA59832A010}
		{955BAE4D-AE76-4CB4-9980-EEFBDEE05AC0} = {CABB1373-6E05-419F-BDC7-EDA59832A010}
		{6BED046D-525C-418A-8041-BF7050C08A2B} = {CABB1373-6E05-419F-BDC7-EDA59832A010}
		{9D393C33-D6F9-48C9-A764-E8FAE0C51AD7} = {CABB1373-6E05-419F-BDC7-EDA59832A010}
	EndGlobalSection
	GlobalSection(ExtensibilityGlobals) = postSolution
		SolutionGuid = {01089630-CFF5-4922-B5EF-A5825D3A5E16}
	EndGlobalSection
EndGlobal
